// !$*UTF8*$!
{
	archiveVersion = 1;
	classes = {
	};
	objectVersion = 56;
	objects = {

/* Begin PBXBuildFile section */
		17FA3BF52B7B470A0085F41F /* main.cpp in Sources */ = {isa = PBXBuildFile; fileRef = 17FA3BF42B7B470A0085F41F /* main.cpp */; };
/* End PBXBuildFile section */

/* Begin PBXCopyFilesBuildPhase section */
		17FA3BEF2B7B470A0085F41F /* CopyFiles */ = {
			isa = PBXCopyFilesBuildPhase;
			buildActionMask = 2147483647;
			dstPath = /usr/share/man/man1/;
			dstSubfolderSpec = 0;
			files = (
			);
			runOnlyForDeploymentPostprocessing = 1;
		};
/* End PBXCopyFilesBuildPhase section */

/* Begin PBXFileReference section */
		17FA3BF12B7B470A0085F41F /* DSA&ALGO */ = {isa = PBXFileReference; explicitFileType = "compiled.mach-o.executable"; includeInIndex = 0; path = "DSA&ALGO"; sourceTree = BUILT_PRODUCTS_DIR; };
		17FA3BF42B7B470A0085F41F /* main.cpp */ = {isa = PBXFileReference; lastKnownFileType = sourcecode.cpp.cpp; path = main.cpp; sourceTree = "<group>"; };
		17FA3BFC2B7B47360085F41F /* MinimumJump.h */ = {isa = PBXFileReference; lastKnownFileType = sourcecode.c.h; path = MinimumJump.h; sourceTree = "<group>"; };
		17FA3C012B7B4BE60085F41F /* PermutationOfString.h */ = {isa = PBXFileReference; lastKnownFileType = sourcecode.c.h; path = PermutationOfString.h; sourceTree = "<group>"; };
/* End PBXFileReference section */

/* Begin PBXFrameworksBuildPhase section */
		17FA3BEE2B7B470A0085F41F /* Frameworks */ = {
			isa = PBXFrameworksBuildPhase;
			buildActionMask = 2147483647;
			files = (
			);
			runOnlyForDeploymentPostprocessing = 0;
		};
/* End PBXFrameworksBuildPhase section */

/* Begin PBXGroup section */
		17FA3BE82B7B470A0085F41F = {
			isa = PBXGroup;
			children = (
				17FA3BF32B7B470A0085F41F /* DSA&ALGO */,
				17FA3BF22B7B470A0085F41F /* Products */,
			);
			sourceTree = "<group>";
		};
		17FA3BF22B7B470A0085F41F /* Products */ = {
			isa = PBXGroup;
			children = (
				17FA3BF12B7B470A0085F41F /* DSA&ALGO */,
			);
			name = Products;
			sourceTree = "<group>";
		};
		17FA3BF32B7B470A0085F41F /* DSA&ALGO */ = {
			isa = PBXGroup;
			children = (
				17FA3BF42B7B470A0085F41F /* main.cpp */,
				17FA3C002B7B4BA30085F41F /* String */,
				17FA3BFE2B7B4B880085F41F /* LinkedList */,
				17FA3BFF2B7B4B990085F41F /* Tree */,
				17FA3C022B7B4D460085F41F /* SortingTechnique */,
				17FA3BFD2B7B4B780085F41F /* Array */,
				17FA3BFB2B7B471C0085F41F /* Recursion+DP */,
			);
			path = "DSA&ALGO";
			sourceTree = "<group>";
		};
		17FA3BFB2B7B471C0085F41F /* Recursion+DP */ = {
			isa = PBXGroup;
			children = (
				17FA3BFC2B7B47360085F41F /* MinimumJump.h */,
				17FA3C012B7B4BE60085F41F /* PermutationOfString.h */,
			);
			path = "Recursion+DP";
			sourceTree = "<group>";
		};
		17FA3BFD2B7B4B780085F41F /* Array */ = {
			isa = PBXGroup;
			children = (
			);
			path = Array;
			sourceTree = "<group>";
		};
		17FA3BFE2B7B4B880085F41F /* LinkedList */ = {
			isa = PBXGroup;
			children = (
			);
			path = LinkedList;
			sourceTree = "<group>";
		};
		17FA3BFF2B7B4B990085F41F /* Tree */ = {
			isa = PBXGroup;
			children = (
			);
			path = Tree;
			sourceTree = "<group>";
		};
		17FA3C002B7B4BA30085F41F /* String */ = {
			isa = PBXGroup;
			children = (
			);
			path = String;
			sourceTree = "<group>";
		};
		17FA3C022B7B4D460085F41F /* SortingTechnique */ = {
			isa = PBXGroup;
			children = (
			);
			path = SortingTechnique;
			sourceTree = "<group>";
		};
/* End PBXGroup section */

/* Begin PBXNativeTarget section */
		17FA3BF02B7B470A0085F41F /* DSA&ALGO */ = {
			isa = PBXNativeTarget;
			buildConfigurationList = 17FA3BF82B7B470A0085F41F /* Build configuration list for PBXNativeTarget "DSA&ALGO" */;
			buildPhases = (
				17FA3BED2B7B470A0085F41F /* Sources */,
				17FA3BEE2B7B470A0085F41F /* Frameworks */,
				17FA3BEF2B7B470A0085F41F /* CopyFiles */,
			);
			buildRules = (
			);
			dependencies = (
			);
			name = "DSA&ALGO";
			productName = "DSA&ALGO";
			productReference = 17FA3BF12B7B470A0085F41F /* DSA&ALGO */;
			productType = "com.apple.product-type.tool";
		};
/* End PBXNativeTarget section */

/* Begin PBXProject section */
		17FA3BE92B7B470A0085F41F /* Project object */ = {
			isa = PBXProject;
			attributes = {
				BuildIndependentTargetsInParallel = 1;
				LastUpgradeCheck = 1520;
				TargetAttributes = {
					17FA3BF02B7B470A0085F41F = {
						CreatedOnToolsVersion = 15.2;
					};
				};
			};
			buildConfigurationList = 17FA3BEC2B7B470A0085F41F /* Build configuration list for PBXProject "DSA&ALGO" */;
			compatibilityVersion = "Xcode 14.0";
			developmentRegion = en;
			hasScannedForEncodings = 0;
			knownRegions = (
				en,
				Base,
			);
			mainGroup = 17FA3BE82B7B470A0085F41F;
			productRefGroup = 17FA3BF22B7B470A0085F41F /* Products */;
			projectDirPath = "";
			projectRoot = "";
			targets = (
				17FA3BF02B7B470A0085F41F /* DSA&ALGO */,
			);
		};
/* End PBXProject section */

/* Begin PBXSourcesBuildPhase section */
		17FA3BED2B7B470A0085F41F /* Sources */ = {
			isa = PBXSourcesBuildPhase;
			buildActionMask = 2147483647;
			files = (
				17FA3BF52B7B470A0085F41F /* main.cpp in Sources */,
			);
			runOnlyForDeploymentPostprocessing = 0;
		};
/* End PBXSourcesBuildPhase section */

/* Begin XCBuildConfiguration section */
		17FA3BF62B7B470A0085F41F /* Debug */ = {
			isa = XCBuildConfiguration;
			buildSettings = {
				ALWAYS_SEARCH_USER_PATHS = NO;
				ASSETCATALOG_COMPILER_GENERATE_SWIFT_ASSET_SYMBOL_EXTENSIONS = YES;
				CLANG_ANALYZER_NONNULL = YES;
				CLANG_ANALYZER_NUMBER_OBJECT_CONVERSION = YES_AGGRESSIVE;
				CLANG_CXX_LANGUAGE_STANDARD = "gnu++20";
				CLANG_ENABLE_MODULES = YES;
				CLANG_ENABLE_OBJC_ARC = YES;
				CLANG_ENABLE_OBJC_WEAK = YES;
				CLANG_WARN_BLOCK_CAPTURE_AUTORELEASING = YES;
				CLANG_WARN_BOOL_CONVERSION = YES;
				CLANG_WARN_COMMA = YES;
				CLANG_WARN_CONSTANT_CONVERSION = YES;
				CLANG_WARN_DEPRECATED_OBJC_IMPLEMENTATIONS = YES;
				CLANG_WARN_DIRECT_OBJC_ISA_USAGE = YES_ERROR;
				CLANG_WARN_DOCUMENTATION_COMMENTS = YES;
				CLANG_WARN_EMPTY_BODY = YES;
				CLANG_WARN_ENUM_CONVERSION = YES;
				CLANG_WARN_INFINITE_RECURSION = YES;
				CLANG_WARN_INT_CONVERSION = YES;
				CLANG_WARN_NON_LITERAL_NULL_CONVERSION = YES;
				CLANG_WARN_OBJC_IMPLICIT_RETAIN_SELF = YES;
				CLANG_WARN_OBJC_LITERAL_CONVERSION = YES;
				CLANG_WARN_OBJC_ROOT_CLASS = YES_ERROR;
				CLANG_WARN_QUOTED_INCLUDE_IN_FRAMEWORK_HEADER = YES;
				CLANG_WARN_RANGE_LOOP_ANALYSIS = YES;
				CLANG_WARN_STRICT_PROTOTYPES = YES;
				CLANG_WARN_SUSPICIOUS_MOVE = YES;
				CLANG_WARN_UNGUARDED_AVAILABILITY = YES_AGGRESSIVE;
				CLANG_WARN_UNREACHABLE_CODE = YES;
				CLANG_WARN__DUPLICATE_METHOD_MATCH = YES;
				COPY_PHASE_STRIP = NO;
				DEBUG_INFORMATION_FORMAT = dwarf;
				ENABLE_STRICT_OBJC_MSGSEND = YES;
				ENABLE_TESTABILITY = YES;
				ENABLE_USER_SCRIPT_SANDBOXING = YES;
				GCC_C_LANGUAGE_STANDARD = gnu17;
				GCC_DYNAMIC_NO_PIC = NO;
				GCC_NO_COMMON_BLOCKS = YES;
				GCC_OPTIMIZATION_LEVEL = 0;
				GCC_PREPROCESSOR_DEFINITIONS = (
					"DEBUG=1",
					"$(inherited)",
				);
				GCC_WARN_64_TO_32_BIT_CONVERSION = YES;
				GCC_WARN_ABOUT_RETURN_TYPE = YES_ERROR;
				GCC_WARN_UNDECLARED_SELECTOR = YES;
				GCC_WARN_UNINITIALIZED_AUTOS = YES_AGGRESSIVE;
				GCC_WARN_UNUSED_FUNCTION = YES;
				GCC_WARN_UNUSED_VARIABLE = YES;
				LOCALIZATION_PREFERS_STRING_CATALOGS = YES;
				MACOSX_DEPLOYMENT_TARGET = 13.5;
				MTL_ENABLE_DEBUG_INFO = INCLUDE_SOURCE;
				MTL_FAST_MATH = YES;
				ONLY_ACTIVE_ARCH = YES;
				SDKROOT = macosx;
			};
			name = Debug;
		};
		17FA3BF72B7B470A0085F41F /* Release */ = {
			isa = XCBuildConfiguration;
			buildSettings = {
				ALWAYS_SEARCH_USER_PATHS = NO;
				ASSETCATALOG_COMPILER_GENERATE_SWIFT_ASSET_SYMBOL_EXTENSIONS = YES;
				CLANG_ANALYZER_NONNULL = YES;
				CLANG_ANALYZER_NUMBER_OBJECT_CONVERSION = YES_AGGRESSIVE;
				CLANG_CXX_LANGUAGE_STANDARD = "gnu++20";
				CLANG_ENABLE_MODULES = YES;
				CLANG_ENABLE_OBJC_ARC = YES;
				CLANG_ENABLE_OBJC_WEAK = YES;
				CLANG_WARN_BLOCK_CAPTURE_AUTORELEASING = YES;
				CLANG_WARN_BOOL_CONVERSION = YES;
				CLANG_WARN_COMMA = YES;
				CLANG_WARN_CONSTANT_CONVERSION = YES;
				CLANG_WARN_DEPRECATED_OBJC_IMPLEMENTATIONS = YES;
				CLANG_WARN_DIRECT_OBJC_ISA_USAGE = YES_ERROR;
				CLANG_WARN_DOCUMENTATION_COMMENTS = YES;
				CLANG_WARN_EMPTY_BODY = YES;
				CLANG_WARN_ENUM_CONVERSION = YES;
				CLANG_WARN_INFINITE_RECURSION = YES;
				CLANG_WARN_INT_CONVERSION = YES;
				CLANG_WARN_NON_LITERAL_NULL_CONVERSION = YES;
				CLANG_WARN_OBJC_IMPLICIT_RETAIN_SELF = YES;
				CLANG_WARN_OBJC_LITERAL_CONVERSION = YES;
				CLANG_WARN_OBJC_ROOT_CLASS = YES_ERROR;
				CLANG_WARN_QUOTED_INCLUDE_IN_FRAMEWORK_HEADER = YES;
				CLANG_WARN_RANGE_LOOP_ANALYSIS = YES;
				CLANG_WARN_STRICT_PROTOTYPES = YES;
				CLANG_WARN_SUSPICIOUS_MOVE = YES;
				CLANG_WARN_UNGUARDED_AVAILABILITY = YES_AGGRESSIVE;
				CLANG_WARN_UNREACHABLE_CODE = YES;
				CLANG_WARN__DUPLICATE_METHOD_MATCH = YES;
				COPY_PHASE_STRIP = NO;
				DEBUG_INFORMATION_FORMAT = "dwarf-with-dsym";
				ENABLE_NS_ASSERTIONS = NO;
				ENABLE_STRICT_OBJC_MSGSEND = YES;
				ENABLE_USER_SCRIPT_SANDBOXING = YES;
				GCC_C_LANGUAGE_STANDARD = gnu17;
				GCC_NO_COMMON_BLOCKS = YES;
				GCC_WARN_64_TO_32_BIT_CONVERSION = YES;
				GCC_WARN_ABOUT_RETURN_TYPE = YES_ERROR;
				GCC_WARN_UNDECLARED_SELECTOR = YES;
				GCC_WARN_UNINITIALIZED_AUTOS = YES_AGGRESSIVE;
				GCC_WARN_UNUSED_FUNCTION = YES;
				GCC_WARN_UNUSED_VARIABLE = YES;
				LOCALIZATION_PREFERS_STRING_CATALOGS = YES;
				MACOSX_DEPLOYMENT_TARGET = 13.5;
				MTL_ENABLE_DEBUG_INFO = NO;
				MTL_FAST_MATH = YES;
				SDKROOT = macosx;
			};
			name = Release;
		};
		17FA3BF92B7B470A0085F41F /* Debug */ = {
			isa = XCBuildConfiguration;
			buildSettings = {
				CODE_SIGN_STYLE = Automatic;
				PRODUCT_NAME = "$(TARGET_NAME)";
			};
			name = Debug;
		};
		17FA3BFA2B7B470A0085F41F /* Release */ = {
			isa = XCBuildConfiguration;
			buildSettings = {
				CODE_SIGN_STYLE = Automatic;
				PRODUCT_NAME = "$(TARGET_NAME)";
			};
			name = Release;
		};
/* End XCBuildConfiguration section */

/* Begin XCConfigurationList section */
		17FA3BEC2B7B470A0085F41F /* Build configuration list for PBXProject "DSA&ALGO" */ = {
			isa = XCConfigurationList;
			buildConfigurations = (
				17FA3BF62B7B470A0085F41F /* Debug */,
				17FA3BF72B7B470A0085F41F /* Release */,
			);
			defaultConfigurationIsVisible = 0;
			defaultConfigurationName = Release;
		};
		17FA3BF82B7B470A0085F41F /* Build configuration list for PBXNativeTarget "DSA&ALGO" */ = {
			isa = XCConfigurationList;
			buildConfigurations = (
				17FA3BF92B7B470A0085F41F /* Debug */,
				17FA3BFA2B7B470A0085F41F /* Release */,
			);
			defaultConfigurationIsVisible = 0;
			defaultConfigurationName = Release;
		};
/* End XCConfigurationList section */
	};
	rootObject = 17FA3BE92B7B470A0085F41F /* Project object */;
}
